
Microsoft Visual Studio Solution File, Format Version 12.00
# Visual Studio Version 17
VisualStudioVersion = 17.8.34330.188
MinimumVisualStudioVersion = 10.0.40219.1
Project("{FAE04EC0-301F-11D3-BF4B-00C04F79EFBC}") = "week5", "week5\week5.csproj", "{72170205-D0BE-4AE7-AE38-D69743E56D3C}"
EndProject
Project("{FAE04EC0-301F-11D3-BF4B-00C04F79EFBC}") = "week52", "week52\week52.csproj", "{E13FF0FB-B82A-400A-AD15-EA6C5B08E6EC}"
EndProject
Global
	GlobalSection(SolutionConfigurationPlatforms) = preSolution
		Debug|Any CPU = Debug|Any CPU
		Release|Any CPU = Release|Any CPU
	EndGlobalSection
	GlobalSection(ProjectConfigurationPlatforms) = postSolution
		{72170205-D0BE-4AE7-AE38-D69743E56D3C}.Debug|Any CPU.ActiveCfg = Debug|Any CPU
		{72170205-D0BE-4AE7-AE38-D69743E56D3C}.Debug|Any CPU.Build.0 = Debug|Any CPU
		{72170205-D0BE-4AE7-AE38-D69743E56D3C}.Release|Any CPU.ActiveCfg = Release|Any CPU
		{72170205-D0BE-4AE7-AE38-D69743E56D3C}.Release|Any CPU.Build.0 = Release|Any CPU
		{E13FF0FB-B82A-400A-AD15-EA6C5B08E6EC}.Debug|Any CPU.ActiveCfg = Debug|Any CPU
		{E13FF0FB-B82A-400A-AD15-EA6C5B08E6EC}.Debug|Any CPU.Build.0 = Debug|Any CPU
		{E13FF0FB-B82A-400A-AD15-EA6C5B08E6EC}.Release|Any CPU.ActiveCfg = Release|Any CPU
		{E13FF0FB-B82A-400A-AD15-EA6C5B08E6EC}.Release|Any CPU.Build.0 = Release|Any CPU
	EndGlobalSection
	GlobalSection(SolutionProperties) = preSolution
		HideSolutionNode = FALSE
	EndGlobalSection
	GlobalSection(ExtensibilityGlobals) = postSolution
		SolutionGuid = {FA054EDD-C1CD-4C8F-861F-98FAEED1033C}
	EndGlobalSection
EndGlobal
